Microsoft Visual Studio Solution File, Format Version 12.00
# Visual Studio Version 17
VisualStudioVersion = 17.5.2.0
MinimumVisualStudioVersion = 10.0.40219.1
Project("{FAE04EC0-301F-11D3-BF4B-00C04F79EFBC}") = "Fixes", "Fixes.csproj", "{F6955D72-C921-68D0-2B97-77DA7821D44A}"
EndProject
Global
	GlobalSection(SolutionConfigurationPlatforms) = preSolution
		Debug|Any CPU = Debug|Any CPU
		Release|Any CPU = Release|Any CPU
	EndGlobalSection
	GlobalSection(ProjectConfigurationPlatforms) = postSolution
		{F6955D72-C921-68D0-2B97-77DA7821D44A}.Debug|Any CPU.ActiveCfg = Debug|Any CPU
		{F6955D72-C921-68D0-2B97-77DA7821D44A}.Debug|Any CPU.Build.0 = Debug|Any CPU
		{F6955D72-C921-68D0-2B97-77DA7821D44A}.Release|Any CPU.ActiveCfg = Release|Any CPU
		{F6955D72-C921-68D0-2B97-77DA7821D44A}.Release|Any CPU.Build.0 = Release|Any CPU
	EndGlobalSection
	GlobalSection(SolutionProperties) = preSolution
		HideSolutionNode = FALSE
	EndGlobalSection
	GlobalSection(ExtensibilityGlobals) = postSolution
		SolutionGuid = {84C66BB9-6A32-4B82-A1A5-1C4A1A4454FF}
	EndGlobalSection
EndGlobal
